// !$*UTF8*$!
{
	archiveVersion = 1;
	classes = {
	};
	objectVersion = 50;
	objects = {

/* Begin PBXBuildFile section */
		721B630A219D8351006DD261 /* AppDelegate.swift in Sources */ = {isa = PBXBuildFile; fileRef = 721B6309219D8351006DD261 /* AppDelegate.swift */; };
		721B630C219D8351006DD261 /* ViewController.swift in Sources */ = {isa = PBXBuildFile; fileRef = 721B630B219D8351006DD261 /* ViewController.swift */; };
		721B630F219D8351006DD261 /* Main.storyboard in Resources */ = {isa = PBXBuildFile; fileRef = 721B630D219D8351006DD261 /* Main.storyboard */; };
		721B6311219D8353006DD261 /* Assets.xcassets in Resources */ = {isa = PBXBuildFile; fileRef = 721B6310219D8353006DD261 /* Assets.xcassets */; };
		721B6314219D8353006DD261 /* LaunchScreen.storyboard in Resources */ = {isa = PBXBuildFile; fileRef = 721B6312219D8353006DD261 /* LaunchScreen.storyboard */; };
		7226A0E821AD52220054042E /* KeyFrameAbimationViewController.swift in Sources */ = {isa = PBXBuildFile; fileRef = 7226A0E721AD52220054042E /* KeyFrameAbimationViewController.swift */; };
		7226A0EA21AE98000054042E /* ChainAnimationsViewController.swift in Sources */ = {isa = PBXBuildFile; fileRef = 7226A0E921AE98000054042E /* ChainAnimationsViewController.swift */; };
		7226A0EC21AEE53B0054042E /* DecodableViewController.swift in Sources */ = {isa = PBXBuildFile; fileRef = 7226A0EB21AEE53B0054042E /* DecodableViewController.swift */; };
		7226A0EE21B00D030054042E /* AlgoritmsViewController.swift in Sources */ = {isa = PBXBuildFile; fileRef = 7226A0ED21B00D030054042E /* AlgoritmsViewController.swift */; };
/* End PBXBuildFile section */

/* Begin PBXFileReference section */
		721B6306219D8351006DD261 /* Git Tutorial.app */ = {isa = PBXFileReference; explicitFileType = wrapper.application; includeInIndex = 0; path = "Git Tutorial.app"; sourceTree = BUILT_PRODUCTS_DIR; };
		721B6309219D8351006DD261 /* AppDelegate.swift */ = {isa = PBXFileReference; lastKnownFileType = sourcecode.swift; path = AppDelegate.swift; sourceTree = "<group>"; };
		721B630B219D8351006DD261 /* ViewController.swift */ = {isa = PBXFileReference; lastKnownFileType = sourcecode.swift; path = ViewController.swift; sourceTree = "<group>"; };
		721B630E219D8351006DD261 /* Base */ = {isa = PBXFileReference; lastKnownFileType = file.storyboard; name = Base; path = Base.lproj/Main.storyboard; sourceTree = "<group>"; };
		721B6310219D8353006DD261 /* Assets.xcassets */ = {isa = PBXFileReference; lastKnownFileType = folder.assetcatalog; path = Assets.xcassets; sourceTree = "<group>"; };
		721B6313219D8353006DD261 /* Base */ = {isa = PBXFileReference; lastKnownFileType = file.storyboard; name = Base; path = Base.lproj/LaunchScreen.storyboard; sourceTree = "<group>"; };
		721B6315219D8353006DD261 /* Info.plist */ = {isa = PBXFileReference; lastKnownFileType = text.plist.xml; path = Info.plist; sourceTree = "<group>"; };
		7226A0E721AD52220054042E /* KeyFrameAbimationViewController.swift */ = {isa = PBXFileReference; lastKnownFileType = sourcecode.swift; path = KeyFrameAbimationViewController.swift; sourceTree = "<group>"; };
		7226A0E921AE98000054042E /* ChainAnimationsViewController.swift */ = {isa = PBXFileReference; lastKnownFileType = sourcecode.swift; path = ChainAnimationsViewController.swift; sourceTree = "<group>"; };
		7226A0EB21AEE53B0054042E /* DecodableViewController.swift */ = {isa = PBXFileReference; lastKnownFileType = sourcecode.swift; path = DecodableViewController.swift; sourceTree = "<group>"; };
		7226A0ED21B00D030054042E /* AlgoritmsViewController.swift */ = {isa = PBXFileReference; lastKnownFileType = sourcecode.swift; path = AlgoritmsViewController.swift; sourceTree = "<group>"; };
/* End PBXFileReference section */

/* Begin PBXFrameworksBuildPhase section */
		721B6303219D8351006DD261 /* Frameworks */ = {
			isa = PBXFrameworksBuildPhase;
			buildActionMask = 2147483647;
			files = (
			);
			runOnlyForDeploymentPostprocessing = 0;
		};
/* End PBXFrameworksBuildPhase section */

/* Begin PBXGroup section */
		721B62FD219D8351006DD261 = {
			isa = PBXGroup;
			children = (
				721B6308219D8351006DD261 /* Git Tutorial */,
				721B6307219D8351006DD261 /* Products */,
			);
			sourceTree = "<group>";
		};
		721B6307219D8351006DD261 /* Products */ = {
			isa = PBXGroup;
			children = (
				721B6306219D8351006DD261 /* Git Tutorial.app */,
			);
			name = Products;
			sourceTree = "<group>";
		};
		721B6308219D8351006DD261 /* Git Tutorial */ = {
			isa = PBXGroup;
			children = (
				721B6309219D8351006DD261 /* AppDelegate.swift */,
				721B630B219D8351006DD261 /* ViewController.swift */,
				7226A0E721AD52220054042E /* KeyFrameAbimationViewController.swift */,
				7226A0E921AE98000054042E /* ChainAnimationsViewController.swift */,
				7226A0EB21AEE53B0054042E /* DecodableViewController.swift */,
				7226A0ED21B00D030054042E /* AlgoritmsViewController.swift */,
				721B630D219D8351006DD261 /* Main.storyboard */,
				721B6310219D8353006DD261 /* Assets.xcassets */,
				721B6312219D8353006DD261 /* LaunchScreen.storyboard */,
				721B6315219D8353006DD261 /* Info.plist */,
			);
			path = "Git Tutorial";
			sourceTree = "<group>";
		};
/* End PBXGroup section */

/* Begin PBXNativeTarget section */
		721B6305219D8351006DD261 /* Git Tutorial */ = {
			isa = PBXNativeTarget;
			buildConfigurationList = 721B6318219D8353006DD261 /* Build configuration list for PBXNativeTarget "Git Tutorial" */;
			buildPhases = (
				721B6302219D8351006DD261 /* Sources */,
				721B6303219D8351006DD261 /* Frameworks */,
				721B6304219D8351006DD261 /* Resources */,
			);
			buildRules = (
			);
			dependencies = (
			);
			name = "Git Tutorial";
			productName = "Git Tutorial";
			productReference = 721B6306219D8351006DD261 /* Git Tutorial.app */;
			productType = "com.apple.product-type.application";
		};
/* End PBXNativeTarget section */

/* Begin PBXProject section */
		721B62FE219D8351006DD261 /* Project object */ = {
			isa = PBXProject;
			attributes = {
				LastSwiftUpdateCheck = 1010;
				LastUpgradeCheck = 1010;
				ORGANIZATIONNAME = Rares;
				TargetAttributes = {
					721B6305219D8351006DD261 = {
						CreatedOnToolsVersion = 10.1;
					};
				};
			};
			buildConfigurationList = 721B6301219D8351006DD261 /* Build configuration list for PBXProject "Git Tutorial" */;
			compatibilityVersion = "Xcode 9.3";
			developmentRegion = en;
			hasScannedForEncodings = 0;
			knownRegions = (
				en,
				Base,
			);
			mainGroup = 721B62FD219D8351006DD261;
			productRefGroup = 721B6307219D8351006DD261 /* Products */;
			projectDirPath = "";
			projectRoot = "";
			targets = (
				721B6305219D8351006DD261 /* Git Tutorial */,
			);
		};
/* End PBXProject section */

/* Begin PBXResourcesBuildPhase section */
		721B6304219D8351006DD261 /* Resources */ = {
			isa = PBXResourcesBuildPhase;
			buildActionMask = 2147483647;
			files = (
				721B6314219D8353006DD261 /* LaunchScreen.storyboard in Resources */,
				721B6311219D8353006DD261 /* Assets.xcassets in Resources */,
				721B630F219D8351006DD261 /* Main.storyboard in Resources */,
			);
			runOnlyForDeploymentPostprocessing = 0;
		};
/* End PBXResourcesBuildPhase section */

/* Begin PBXSourcesBuildPhase section */
		721B6302219D8351006DD261 /* Sources */ = {
			isa = PBXSourcesBuildPhase;
			buildActionMask = 2147483647;
			files = (
				721B630C219D8351006DD261 /* ViewController.swift in Sources */,
				7226A0E821AD52220054042E /* KeyFrameAbimationViewController.swift in Sources */,
				721B630A219D8351006DD261 /* AppDelegate.swift in Sources */,
				7226A0EE21B00D030054042E /* AlgoritmsViewController.swift in Sources */,
				7226A0EC21AEE53B0054042E /* DecodableViewController.swift in Sources */,
				7226A0EA21AE98000054042E /* ChainAnimationsViewController.swift in Sources */,
			);
			runOnlyForDeploymentPostprocessing = 0;
		};
/* End PBXSourcesBuildPhase section */

/* Begin PBXVariantGroup section */
		721B630D219D8351006DD261 /* Main.storyboard */ = {
			isa = PBXVariantGroup;
			children = (
				721B630E219D8351006DD261 /* Base */,
			);
			name = Main.storyboard;
			sourceTree = "<group>";
		};
		721B6312219D8353006DD261 /* LaunchScreen.storyboard */ = {
			isa = PBXVariantGroup;
			children = (
				721B6313219D8353006DD261 /* Base */,
			);
			name = LaunchScreen.storyboard;
			sourceTree = "<group>";
		};
/* End PBXVariantGroup section */

/* Begin XCBuildConfiguration section */
		721B6316219D8353006DD261 /* Debug */ = {
			isa = XCBuildConfiguration;
			buildSettings = {
				ALWAYS_SEARCH_USER_PATHS = NO;
				CLANG_ANALYZER_NONNULL = YES;
				CLANG_ANALYZER_NUMBER_OBJECT_CONVERSION = YES_AGGRESSIVE;
				CLANG_CXX_LANGUAGE_STANDARD = "gnu++14";
				CLANG_CXX_LIBRARY = "libc++";
				CLANG_ENABLE_MODULES = YES;
				CLANG_ENABLE_OBJC_ARC = YES;
				CLANG_ENABLE_OBJC_WEAK = YES;
				CLANG_WARN_BLOCK_CAPTURE_AUTORELEASING = YES;
				CLANG_WARN_BOOL_CONVERSION = YES;
				CLANG_WARN_COMMA = YES;
				CLANG_WARN_CONSTANT_CONVERSION = YES;
				CLANG_WARN_DEPRECATED_OBJC_IMPLEMENTATIONS = YES;
				CLANG_WARN_DIRECT_OBJC_ISA_USAGE = YES_ERROR;
				CLANG_WARN_DOCUMENTATION_COMMENTS = YES;
				CLANG_WARN_EMPTY_BODY = YES;
				CLANG_WARN_ENUM_CONVERSION = YES;
				CLANG_WARN_INFINITE_RECURSION = YES;
				CLANG_WARN_INT_CONVERSION = YES;
				CLANG_WARN_NON_LITERAL_NULL_CONVERSION = YES;
				CLANG_WARN_OBJC_IMPLICIT_RETAIN_SELF = YES;
				CLANG_WARN_OBJC_LITERAL_CONVERSION = YES;
				CLANG_WARN_OBJC_ROOT_CLASS = YES_ERROR;
				CLANG_WARN_RANGE_LOOP_ANALYSIS = YES;
				CLANG_WARN_STRICT_PROTOTYPES = YES;
				CLANG_WARN_SUSPICIOUS_MOVE = YES;
				CLANG_WARN_UNGUARDED_AVAILABILITY = YES_AGGRESSIVE;
				CLANG_WARN_UNREACHABLE_CODE = YES;
				CLANG_WARN__DUPLICATE_METHOD_MATCH = YES;
				CODE_SIGN_IDENTITY = "iPhone Developer";
				COPY_PHASE_STRIP = NO;
				DEBUG_INFORMATION_FORMAT = dwarf;
				ENABLE_STRICT_OBJC_MSGSEND = YES;
				ENABLE_TESTABILITY = YES;
				GCC_C_LANGUAGE_STANDARD = gnu11;
				GCC_DYNAMIC_NO_PIC = NO;
				GCC_NO_COMMON_BLOCKS = YES;
				GCC_OPTIMIZATION_LEVEL = 0;
				GCC_PREPROCESSOR_DEFINITIONS = (
					"DEBUG=1",
					"$(inherited)",
				);
				GCC_WARN_64_TO_32_BIT_CONVERSION = YES;
				GCC_WARN_ABOUT_RETURN_TYPE = YES_ERROR;
				GCC_WARN_UNDECLARED_SELECTOR = YES;
				GCC_WARN_UNINITIALIZED_AUTOS = YES_AGGRESSIVE;
				GCC_WARN_UNUSED_FUNCTION = YES;
				GCC_WARN_UNUSED_VARIABLE = YES;
				IPHONEOS_DEPLOYMENT_TARGET = 12.1;
				MTL_ENABLE_DEBUG_INFO = INCLUDE_SOURCE;
				MTL_FAST_MATH = YES;
				ONLY_ACTIVE_ARCH = YES;
				SDKROOT = iphoneos;
				SWIFT_ACTIVE_COMPILATION_CONDITIONS = DEBUG;
				SWIFT_OPTIMIZATION_LEVEL = "-Onone";
			};
			name = Debug;
		};
		721B6317219D8353006DD261 /* Release */ = {
			isa = XCBuildConfiguration;
			buildSettings = {
				ALWAYS_SEARCH_USER_PATHS = NO;
				CLANG_ANALYZER_NONNULL = YES;
				CLANG_ANALYZER_NUMBER_OBJECT_CONVERSION = YES_AGGRESSIVE;
				CLANG_CXX_LANGUAGE_STANDARD = "gnu++14";
				CLANG_CXX_LIBRARY = "libc++";
				CLANG_ENABLE_MODULES = YES;
				CLANG_ENABLE_OBJC_ARC = YES;
				CLANG_ENABLE_OBJC_WEAK = YES;
				CLANG_WARN_BLOCK_CAPTURE_AUTORELEASING = YES;
				CLANG_WARN_BOOL_CONVERSION = YES;
				CLANG_WARN_COMMA = YES;
				CLANG_WARN_CONSTANT_CONVERSION = YES;
				CLANG_WARN_DEPRECATED_OBJC_IMPLEMENTATIONS = YES;
				CLANG_WARN_DIRECT_OBJC_ISA_USAGE = YES_ERROR;
				CLANG_WARN_DOCUMENTATION_COMMENTS = YES;
				CLANG_WARN_EMPTY_BODY = YES;
				CLANG_WARN_ENUM_CONVERSION = YES;
				CLANG_WARN_INFINITE_RECURSION = YES;
				CLANG_WARN_INT_CONVERSION = YES;
				CLANG_WARN_NON_LITERAL_NULL_CONVERSION = YES;
				CLANG_WARN_OBJC_IMPLICIT_RETAIN_SELF = YES;
				CLANG_WARN_OBJC_LITERAL_CONVERSION = YES;
				CLANG_WARN_OBJC_ROOT_CLASS = YES_ERROR;
				CLANG_WARN_RANGE_LOOP_ANALYSIS = YES;
				CLANG_WARN_STRICT_PROTOTYPES = YES;
				CLANG_WARN_SUSPICIOUS_MOVE = YES;
				CLANG_WARN_UNGUARDED_AVAILABILITY = YES_AGGRESSIVE;
				CLANG_WARN_UNREACHABLE_CODE = YES;
				CLANG_WARN__DUPLICATE_METHOD_MATCH = YES;
				CODE_SIGN_IDENTITY = "iPhone Developer";
				COPY_PHASE_STRIP = NO;
				DEBUG_INFORMATION_FORMAT = "dwarf-with-dsym";
				ENABLE_NS_ASSERTIONS = NO;
				ENABLE_STRICT_OBJC_MSGSEND = YES;
				GCC_C_LANGUAGE_STANDARD = gnu11;
				GCC_NO_COMMON_BLOCKS = YES;
				GCC_WARN_64_TO_32_BIT_CONVERSION = YES;
				GCC_WARN_ABOUT_RETURN_TYPE = YES_ERROR;
				GCC_WARN_UNDECLARED_SELECTOR = YES;
				GCC_WARN_UNINITIALIZED_AUTOS = YES_AGGRESSIVE;
				GCC_WARN_UNUSED_FUNCTION = YES;
				GCC_WARN_UNUSED_VARIABLE = YES;
				IPHONEOS_DEPLOYMENT_TARGET = 12.1;
				MTL_ENABLE_DEBUG_INFO = NO;
				MTL_FAST_MATH = YES;
				SDKROOT = iphoneos;
				SWIFT_COMPILATION_MODE = wholemodule;
				SWIFT_OPTIMIZATION_LEVEL = "-O";
				VALIDATE_PRODUCT = YES;
			};
			name = Release;
		};
		721B6319219D8353006DD261 /* Debug */ = {
			isa = XCBuildConfiguration;
			buildSettings = {
				ASSETCATALOG_COMPILER_APPICON_NAME = AppIcon;
				CODE_SIGN_STYLE = Automatic;
				DEVELOPMENT_TEAM = RNVBKA77RQ;
				INFOPLIST_FILE = "Git Tutorial/Info.plist";
				LD_RUNPATH_SEARCH_PATHS = (
					"$(inherited)",
					"@executable_path/Frameworks",
				);
				PRODUCT_BUNDLE_IDENTIFIER = "com.raresTamas.Preview.Git-Tutorial";
				PRODUCT_NAME = "$(TARGET_NAME)";
				SWIFT_VERSION = 4.2;
				TARGETED_DEVICE_FAMILY = "1,2";
			};
			name = Debug;
		};
		721B631A219D8353006DD261 /* Release */ = {
			isa = XCBuildConfiguration;
			buildSettings = {
				ASSETCATALOG_COMPILER_APPICON_NAME = AppIcon;
				CODE_SIGN_STYLE = Automatic;
				DEVELOPMENT_TEAM = RNVBKA77RQ;
				INFOPLIST_FILE = "Git Tutorial/Info.plist";
				LD_RUNPATH_SEARCH_PATHS = (
					"$(inherited)",
					"@executable_path/Frameworks",
				);
				PRODUCT_BUNDLE_IDENTIFIER = "com.raresTamas.Preview.Git-Tutorial";
				PRODUCT_NAME = "$(TARGET_NAME)";
				SWIFT_VERSION = 4.2;
				TARGETED_DEVICE_FAMILY = "1,2";
			};
			name = Release;
		};
/* End XCBuildConfiguration section */

/* Begin XCConfigurationList section */
		721B6301219D8351006DD261 /* Build configuration list for PBXProject "Git Tutorial" */ = {
			isa = XCConfigurationList;
			buildConfigurations = (
				721B6316219D8353006DD261 /* Debug */,
				721B6317219D8353006DD261 /* Release */,
			);
			defaultConfigurationIsVisible = 0;
			defaultConfigurationName = Release;
		};
		721B6318219D8353006DD261 /* Build configuration list for PBXNativeTarget "Git Tutorial" */ = {
			isa = XCConfigurationList;
			buildConfigurations = (
				721B6319219D8353006DD261 /* Debug */,
				721B631A219D8353006DD261 /* Release */,
			);
			defaultConfigurationIsVisible = 0;
			defaultConfigurationName = Release;
		};
/* End XCConfigurationList section */
	};
	rootObject = 721B62FE219D8351006DD261 /* Project object */;
}
